// !$*UTF8*$!
{
	archiveVersion = 1;
	classes = {
	};
	objectVersion = 52;
	objects = {

/* Begin PBXBuildFile section */
		6222F699241B989C001B7A56 /* AppDelegate.swift in Sources */ = {isa = PBXBuildFile; fileRef = 6222F698241B989C001B7A56 /* AppDelegate.swift */; };
		6222F69B241B989C001B7A56 /* ContentView.swift in Sources */ = {isa = PBXBuildFile; fileRef = 6222F69A241B989C001B7A56 /* ContentView.swift */; };
		6222F69D241B989F001B7A56 /* Assets.xcassets in Resources */ = {isa = PBXBuildFile; fileRef = 6222F69C241B989F001B7A56 /* Assets.xcassets */; };
		6222F6A0241B989F001B7A56 /* PreviewAssets.xcassets in Resources */ = {isa = PBXBuildFile; fileRef = 6222F69F241B989F001B7A56 /* PreviewAssets.xcassets */; };
		6222F6A3241B989F001B7A56 /* Main.storyboard in Resources */ = {isa = PBXBuildFile; fileRef = 6222F6A1241B989F001B7A56 /* Main.storyboard */; };
		6222F6AC241B9997001B7A56 /* ImageViewer.swift in Sources */ = {isa = PBXBuildFile; fileRef = 6222F6AB241B9997001B7A56 /* ImageViewer.swift */; };
		6222F6AE241B99D6001B7A56 /* SidePanel.swift in Sources */ = {isa = PBXBuildFile; fileRef = 6222F6AD241B99D6001B7A56 /* SidePanel.swift */; };
		6222F6B0241B9C98001B7A56 /* AnnotationInspector.swift in Sources */ = {isa = PBXBuildFile; fileRef = 6222F6AF241B9C98001B7A56 /* AnnotationInspector.swift */; };
		6222F6B2241B9F9E001B7A56 /* AnnotatedImageModel.swift in Sources */ = {isa = PBXBuildFile; fileRef = 6222F6B1241B9F9E001B7A56 /* AnnotatedImageModel.swift */; };
		6222F6B4241B9FE6001B7A56 /* LabelModel.swift in Sources */ = {isa = PBXBuildFile; fileRef = 6222F6B3241B9FE6001B7A56 /* LabelModel.swift */; };
		6222F6B8241BAA3F001B7A56 /* ImageBackground.swift in Sources */ = {isa = PBXBuildFile; fileRef = 6222F6B7241BAA3F001B7A56 /* ImageBackground.swift */; };
		6222F6BA241BCCC6001B7A56 /* LabelDetails.swift in Sources */ = {isa = PBXBuildFile; fileRef = 6222F6B9241BCCC6001B7A56 /* LabelDetails.swift */; };
		6222F6BE241BE4E1001B7A56 /* LabelOverlay.swift in Sources */ = {isa = PBXBuildFile; fileRef = 6222F6BD241BE4E1001B7A56 /* LabelOverlay.swift */; };
		6222F6C0241BEE51001B7A56 /* DataStore.swift in Sources */ = {isa = PBXBuildFile; fileRef = 6222F6BF241BEE51001B7A56 /* DataStore.swift */; };
		623EC0F5242904D9000E9388 /* SyntheticsSettings.swift in Sources */ = {isa = PBXBuildFile; fileRef = 623EC0F4242904D9000E9388 /* SyntheticsSettings.swift */; };
		6285E1AC2423D0BB008A27B1 /* SelectFolderButton.swift in Sources */ = {isa = PBXBuildFile; fileRef = 6285E1AB2423D0BB008A27B1 /* SelectFolderButton.swift */; };
		6285E1B02423D22B008A27B1 /* ToolBar.swift in Sources */ = {isa = PBXBuildFile; fileRef = 6285E1AF2423D22B008A27B1 /* ToolBar.swift */; };
		62C61DE9241FC5FF000C1BAE /* ImageModel.swift in Sources */ = {isa = PBXBuildFile; fileRef = 62C61DE8241FC5FF000C1BAE /* ImageModel.swift */; };
		62C61DEF241FD5F5000C1BAE /* cat-and-dog.png in Resources */ = {isa = PBXBuildFile; fileRef = 62C61DEE241FD5F5000C1BAE /* cat-and-dog.png */; };
		62C61DF1241FD620000C1BAE /* DetailView.swift in Sources */ = {isa = PBXBuildFile; fileRef = 62C61DF0241FD620000C1BAE /* DetailView.swift */; };
		62C61DF3241FDE0A000C1BAE /* ImageList.swift in Sources */ = {isa = PBXBuildFile; fileRef = 62C61DF2241FDE0A000C1BAE /* ImageList.swift */; };
		62DBEC8B242A2305009A96E9 /* DirectoryWatcher.swift in Sources */ = {isa = PBXBuildFile; fileRef = 62DBEC8A242A2305009A96E9 /* DirectoryWatcher.swift */; };
		62FFC86B241FF2D6005DE3E3 /* ImageSizePrefKey.swift in Sources */ = {isa = PBXBuildFile; fileRef = 62FFC86A241FF2D6005DE3E3 /* ImageSizePrefKey.swift */; };
		62FFC86D241FF640005DE3E3 /* ImageInfo.swift in Sources */ = {isa = PBXBuildFile; fileRef = 62FFC86C241FF640005DE3E3 /* ImageInfo.swift */; };
/* End PBXBuildFile section */

/* Begin PBXFileReference section */
		6222F695241B989C001B7A56 /* VisioAnnotate.app */ = {isa = PBXFileReference; explicitFileType = wrapper.application; includeInIndex = 0; path = VisioAnnotate.app; sourceTree = BUILT_PRODUCTS_DIR; };
		6222F698241B989C001B7A56 /* AppDelegate.swift */ = {isa = PBXFileReference; lastKnownFileType = sourcecode.swift; path = AppDelegate.swift; sourceTree = "<group>"; };
		6222F69A241B989C001B7A56 /* ContentView.swift */ = {isa = PBXFileReference; lastKnownFileType = sourcecode.swift; path = ContentView.swift; sourceTree = "<group>"; };
		6222F69C241B989F001B7A56 /* Assets.xcassets */ = {isa = PBXFileReference; lastKnownFileType = folder.assetcatalog; path = Assets.xcassets; sourceTree = "<group>"; };
		6222F69F241B989F001B7A56 /* PreviewAssets.xcassets */ = {isa = PBXFileReference; lastKnownFileType = folder.assetcatalog; path = PreviewAssets.xcassets; sourceTree = "<group>"; };
		6222F6A2241B989F001B7A56 /* Base */ = {isa = PBXFileReference; lastKnownFileType = file.storyboard; name = Base; path = Base.lproj/Main.storyboard; sourceTree = "<group>"; };
		6222F6A4241B989F001B7A56 /* Info.plist */ = {isa = PBXFileReference; lastKnownFileType = text.plist.xml; path = Info.plist; sourceTree = "<group>"; };
		6222F6A5241B989F001B7A56 /* VisioAnnotate.entitlements */ = {isa = PBXFileReference; lastKnownFileType = text.plist.entitlements; path = VisioAnnotate.entitlements; sourceTree = "<group>"; };
		6222F6AB241B9997001B7A56 /* ImageViewer.swift */ = {isa = PBXFileReference; lastKnownFileType = sourcecode.swift; path = ImageViewer.swift; sourceTree = "<group>"; };
		6222F6AD241B99D6001B7A56 /* SidePanel.swift */ = {isa = PBXFileReference; lastKnownFileType = sourcecode.swift; path = SidePanel.swift; sourceTree = "<group>"; };
		6222F6AF241B9C98001B7A56 /* AnnotationInspector.swift */ = {isa = PBXFileReference; lastKnownFileType = sourcecode.swift; path = AnnotationInspector.swift; sourceTree = "<group>"; };
		6222F6B1241B9F9E001B7A56 /* AnnotatedImageModel.swift */ = {isa = PBXFileReference; lastKnownFileType = sourcecode.swift; path = AnnotatedImageModel.swift; sourceTree = "<group>"; };
		6222F6B3241B9FE6001B7A56 /* LabelModel.swift */ = {isa = PBXFileReference; lastKnownFileType = sourcecode.swift; path = LabelModel.swift; sourceTree = "<group>"; };
		6222F6B7241BAA3F001B7A56 /* ImageBackground.swift */ = {isa = PBXFileReference; lastKnownFileType = sourcecode.swift; path = ImageBackground.swift; sourceTree = "<group>"; };
		6222F6B9241BCCC6001B7A56 /* LabelDetails.swift */ = {isa = PBXFileReference; lastKnownFileType = sourcecode.swift; path = LabelDetails.swift; sourceTree = "<group>"; };
		6222F6BD241BE4E1001B7A56 /* LabelOverlay.swift */ = {isa = PBXFileReference; lastKnownFileType = sourcecode.swift; path = LabelOverlay.swift; sourceTree = "<group>"; };
		6222F6BF241BEE51001B7A56 /* DataStore.swift */ = {isa = PBXFileReference; lastKnownFileType = sourcecode.swift; path = DataStore.swift; sourceTree = "<group>"; };
		623EC0F4242904D9000E9388 /* SyntheticsSettings.swift */ = {isa = PBXFileReference; lastKnownFileType = sourcecode.swift; path = SyntheticsSettings.swift; sourceTree = "<group>"; };
		6285E1AB2423D0BB008A27B1 /* SelectFolderButton.swift */ = {isa = PBXFileReference; lastKnownFileType = sourcecode.swift; path = SelectFolderButton.swift; sourceTree = "<group>"; };
		6285E1AF2423D22B008A27B1 /* ToolBar.swift */ = {isa = PBXFileReference; lastKnownFileType = sourcecode.swift; path = ToolBar.swift; sourceTree = "<group>"; };
		62C61DE8241FC5FF000C1BAE /* ImageModel.swift */ = {isa = PBXFileReference; lastKnownFileType = sourcecode.swift; path = ImageModel.swift; sourceTree = "<group>"; };
		62C61DEE241FD5F5000C1BAE /* cat-and-dog.png */ = {isa = PBXFileReference; lastKnownFileType = image.png; path = "cat-and-dog.png"; sourceTree = "<group>"; };
		62C61DF0241FD620000C1BAE /* DetailView.swift */ = {isa = PBXFileReference; lastKnownFileType = sourcecode.swift; path = DetailView.swift; sourceTree = "<group>"; };
		62C61DF2241FDE0A000C1BAE /* ImageList.swift */ = {isa = PBXFileReference; lastKnownFileType = sourcecode.swift; path = ImageList.swift; sourceTree = "<group>"; };
		62DBEC8A242A2305009A96E9 /* DirectoryWatcher.swift */ = {isa = PBXFileReference; lastKnownFileType = sourcecode.swift; path = DirectoryWatcher.swift; sourceTree = "<group>"; };
		62E4321D241BFE410074FE7F /* README.md */ = {isa = PBXFileReference; lastKnownFileType = net.daringfireball.markdown; path = README.md; sourceTree = "<group>"; };
		62E4321E241BFE410074FE7F /* .gitignore */ = {isa = PBXFileReference; lastKnownFileType = text; path = .gitignore; sourceTree = "<group>"; };
		62FFC86A241FF2D6005DE3E3 /* ImageSizePrefKey.swift */ = {isa = PBXFileReference; lastKnownFileType = sourcecode.swift; path = ImageSizePrefKey.swift; sourceTree = "<group>"; };
		62FFC86C241FF640005DE3E3 /* ImageInfo.swift */ = {isa = PBXFileReference; lastKnownFileType = sourcecode.swift; path = ImageInfo.swift; sourceTree = "<group>"; };
/* End PBXFileReference section */

/* Begin PBXFrameworksBuildPhase section */
		6222F692241B989C001B7A56 /* Frameworks */ = {
			isa = PBXFrameworksBuildPhase;
			buildActionMask = 2147483647;
			files = (
			);
			runOnlyForDeploymentPostprocessing = 0;
		};
/* End PBXFrameworksBuildPhase section */

/* Begin PBXGroup section */
		6222F68C241B989C001B7A56 = {
			isa = PBXGroup;
			children = (
				62E4321D241BFE410074FE7F /* README.md */,
				6222F697241B989C001B7A56 /* src */,
				62C61DF4241FEF0F000C1BAE /* conf */,
				6222F696241B989C001B7A56 /* Products */,
			);
			sourceTree = "<group>";
		};
		6222F696241B989C001B7A56 /* Products */ = {
			isa = PBXGroup;
			children = (
				6222F695241B989C001B7A56 /* VisioAnnotate.app */,
			);
			name = Products;
			sourceTree = "<group>";
		};
		6222F697241B989C001B7A56 /* src */ = {
			isa = PBXGroup;
			children = (
				6222F69A241B989C001B7A56 /* ContentView.swift */,
				6285E1AB2423D0BB008A27B1 /* SelectFolderButton.swift */,
				6285E1AF2423D22B008A27B1 /* ToolBar.swift */,
				62FFC86A241FF2D6005DE3E3 /* ImageSizePrefKey.swift */,
				62C61DF2241FDE0A000C1BAE /* ImageList.swift */,
				62C61DF0241FD620000C1BAE /* DetailView.swift */,
				6222F6AB241B9997001B7A56 /* ImageViewer.swift */,
				6222F6BD241BE4E1001B7A56 /* LabelOverlay.swift */,
				6222F6B7241BAA3F001B7A56 /* ImageBackground.swift */,
				6222F6AD241B99D6001B7A56 /* SidePanel.swift */,
				6222F6AF241B9C98001B7A56 /* AnnotationInspector.swift */,
				62FFC86C241FF640005DE3E3 /* ImageInfo.swift */,
				623EC0F4242904D9000E9388 /* SyntheticsSettings.swift */,
				6222F6B9241BCCC6001B7A56 /* LabelDetails.swift */,
				6222F6B5241BA009001B7A56 /* model */,
				6222F6B6241BA021001B7A56 /* support */,
				62FFC869241FEFD4005DE3E3 /* assets */,
				6222F6A1241B989F001B7A56 /* Main.storyboard */,
				6222F69E241B989F001B7A56 /* PreviewContent */,
			);
			path = src;
			sourceTree = "<group>";
		};
		6222F69E241B989F001B7A56 /* PreviewContent */ = {
			isa = PBXGroup;
			children = (
				62C61DEE241FD5F5000C1BAE /* cat-and-dog.png */,
				6222F69F241B989F001B7A56 /* PreviewAssets.xcassets */,
			);
			path = PreviewContent;
			sourceTree = "<group>";
		};
		6222F6B5241BA009001B7A56 /* model */ = {
			isa = PBXGroup;
			children = (
				6222F6B1241B9F9E001B7A56 /* AnnotatedImageModel.swift */,
				6222F6B3241B9FE6001B7A56 /* LabelModel.swift */,
				62C61DE8241FC5FF000C1BAE /* ImageModel.swift */,
			);
			path = model;
			sourceTree = "<group>";
		};
		6222F6B6241BA021001B7A56 /* support */ = {
			isa = PBXGroup;
			children = (
				6222F6BF241BEE51001B7A56 /* DataStore.swift */,
				6222F698241B989C001B7A56 /* AppDelegate.swift */,
				62DBEC8A242A2305009A96E9 /* DirectoryWatcher.swift */,
			);
			path = support;
			sourceTree = "<group>";
		};
		62C61DF4241FEF0F000C1BAE /* conf */ = {
			isa = PBXGroup;
			children = (
				6222F6A4241B989F001B7A56 /* Info.plist */,
				6222F6A5241B989F001B7A56 /* VisioAnnotate.entitlements */,
				62E4321E241BFE410074FE7F /* .gitignore */,
			);
			name = conf;
			sourceTree = "<group>";
		};
		62FFC869241FEFD4005DE3E3 /* assets */ = {
			isa = PBXGroup;
			children = (
				6222F69C241B989F001B7A56 /* Assets.xcassets */,
			);
			path = assets;
			sourceTree = "<group>";
		};
/* End PBXGroup section */

/* Begin PBXNativeTarget section */
		6222F694241B989C001B7A56 /* VisioAnnotate */ = {
			isa = PBXNativeTarget;
			buildConfigurationList = 6222F6A8241B989F001B7A56 /* Build configuration list for PBXNativeTarget "VisioAnnotate" */;
			buildPhases = (
				6222F691241B989C001B7A56 /* Sources */,
				6222F692241B989C001B7A56 /* Frameworks */,
				6222F693241B989C001B7A56 /* Resources */,
			);
			buildRules = (
			);
			dependencies = (
			);
			name = VisioAnnotate;
			productName = ImageAnnotate;
			productReference = 6222F695241B989C001B7A56 /* VisioAnnotate.app */;
			productType = "com.apple.product-type.application";
		};
/* End PBXNativeTarget section */

/* Begin PBXProject section */
		6222F68D241B989C001B7A56 /* Project object */ = {
			isa = PBXProject;
			attributes = {
				LastSwiftUpdateCheck = 1130;
				LastUpgradeCheck = 1140;
				ORGANIZATIONNAME = "Gaspard+Bruno";
				TargetAttributes = {
					6222F694241B989C001B7A56 = {
						CreatedOnToolsVersion = 11.3.1;
					};
				};
			};
			buildConfigurationList = 6222F690241B989C001B7A56 /* Build configuration list for PBXProject "VisioAnnotate" */;
			compatibilityVersion = "Xcode 11.0";
			developmentRegion = en;
			hasScannedForEncodings = 0;
			knownRegions = (
				en,
				Base,
			);
			mainGroup = 6222F68C241B989C001B7A56;
			productRefGroup = 6222F696241B989C001B7A56 /* Products */;
			projectDirPath = "";
			projectRoot = "";
			targets = (
				6222F694241B989C001B7A56 /* VisioAnnotate */,
			);
		};
/* End PBXProject section */

/* Begin PBXResourcesBuildPhase section */
		6222F693241B989C001B7A56 /* Resources */ = {
			isa = PBXResourcesBuildPhase;
			buildActionMask = 2147483647;
			files = (
				6222F6A3241B989F001B7A56 /* Main.storyboard in Resources */,
				62C61DEF241FD5F5000C1BAE /* cat-and-dog.png in Resources */,
				6222F6A0241B989F001B7A56 /* PreviewAssets.xcassets in Resources */,
				6222F69D241B989F001B7A56 /* Assets.xcassets in Resources */,
			);
			runOnlyForDeploymentPostprocessing = 0;
		};
/* End PBXResourcesBuildPhase section */

/* Begin PBXSourcesBuildPhase section */
		6222F691241B989C001B7A56 /* Sources */ = {
			isa = PBXSourcesBuildPhase;
			buildActionMask = 2147483647;
			files = (
				62DBEC8B242A2305009A96E9 /* DirectoryWatcher.swift in Sources */,
				6222F6BA241BCCC6001B7A56 /* LabelDetails.swift in Sources */,
				62FFC86B241FF2D6005DE3E3 /* ImageSizePrefKey.swift in Sources */,
				62C61DF1241FD620000C1BAE /* DetailView.swift in Sources */,
				62C61DF3241FDE0A000C1BAE /* ImageList.swift in Sources */,
				6222F6B4241B9FE6001B7A56 /* LabelModel.swift in Sources */,
				6222F6B8241BAA3F001B7A56 /* ImageBackground.swift in Sources */,
				62FFC86D241FF640005DE3E3 /* ImageInfo.swift in Sources */,
				6222F6B0241B9C98001B7A56 /* AnnotationInspector.swift in Sources */,
				6222F69B241B989C001B7A56 /* ContentView.swift in Sources */,
				6222F6AE241B99D6001B7A56 /* SidePanel.swift in Sources */,
				6285E1AC2423D0BB008A27B1 /* SelectFolderButton.swift in Sources */,
				6222F6C0241BEE51001B7A56 /* DataStore.swift in Sources */,
				6222F6AC241B9997001B7A56 /* ImageViewer.swift in Sources */,
				6222F6BE241BE4E1001B7A56 /* LabelOverlay.swift in Sources */,
				6222F6B2241B9F9E001B7A56 /* AnnotatedImageModel.swift in Sources */,
				6285E1B02423D22B008A27B1 /* ToolBar.swift in Sources */,
				623EC0F5242904D9000E9388 /* SyntheticsSettings.swift in Sources */,
				62C61DE9241FC5FF000C1BAE /* ImageModel.swift in Sources */,
				6222F699241B989C001B7A56 /* AppDelegate.swift in Sources */,
			);
			runOnlyForDeploymentPostprocessing = 0;
		};
/* End PBXSourcesBuildPhase section */

/* Begin PBXVariantGroup section */
		6222F6A1241B989F001B7A56 /* Main.storyboard */ = {
			isa = PBXVariantGroup;
			children = (
				6222F6A2241B989F001B7A56 /* Base */,
			);
			name = Main.storyboard;
			sourceTree = "<group>";
		};
/* End PBXVariantGroup section */

/* Begin XCBuildConfiguration section */
		6222F6A6241B989F001B7A56 /* Debug */ = {
			isa = XCBuildConfiguration;
			buildSettings = {
				ALWAYS_SEARCH_USER_PATHS = NO;
				CLANG_ANALYZER_NONNULL = YES;
				CLANG_ANALYZER_NUMBER_OBJECT_CONVERSION = YES_AGGRESSIVE;
				CLANG_CXX_LANGUAGE_STANDARD = "gnu++14";
				CLANG_CXX_LIBRARY = "libc++";
				CLANG_ENABLE_MODULES = YES;
				CLANG_ENABLE_OBJC_ARC = YES;
				CLANG_ENABLE_OBJC_WEAK = YES;
				CLANG_WARN_BLOCK_CAPTURE_AUTORELEASING = YES;
				CLANG_WARN_BOOL_CONVERSION = YES;
				CLANG_WARN_COMMA = YES;
				CLANG_WARN_CONSTANT_CONVERSION = YES;
				CLANG_WARN_DEPRECATED_OBJC_IMPLEMENTATIONS = YES;
				CLANG_WARN_DIRECT_OBJC_ISA_USAGE = YES_ERROR;
				CLANG_WARN_DOCUMENTATION_COMMENTS = YES;
				CLANG_WARN_EMPTY_BODY = YES;
				CLANG_WARN_ENUM_CONVERSION = YES;
				CLANG_WARN_INFINITE_RECURSION = YES;
				CLANG_WARN_INT_CONVERSION = YES;
				CLANG_WARN_NON_LITERAL_NULL_CONVERSION = YES;
				CLANG_WARN_OBJC_IMPLICIT_RETAIN_SELF = YES;
				CLANG_WARN_OBJC_LITERAL_CONVERSION = YES;
				CLANG_WARN_OBJC_ROOT_CLASS = YES_ERROR;
				CLANG_WARN_RANGE_LOOP_ANALYSIS = YES;
				CLANG_WARN_STRICT_PROTOTYPES = YES;
				CLANG_WARN_SUSPICIOUS_MOVE = YES;
				CLANG_WARN_UNGUARDED_AVAILABILITY = YES_AGGRESSIVE;
				CLANG_WARN_UNREACHABLE_CODE = YES;
				CLANG_WARN__DUPLICATE_METHOD_MATCH = YES;
				COPY_PHASE_STRIP = NO;
				DEBUG_INFORMATION_FORMAT = dwarf;
				ENABLE_STRICT_OBJC_MSGSEND = YES;
				ENABLE_TESTABILITY = YES;
				GCC_C_LANGUAGE_STANDARD = gnu11;
				GCC_DYNAMIC_NO_PIC = NO;
				GCC_NO_COMMON_BLOCKS = YES;
				GCC_OPTIMIZATION_LEVEL = 0;
				GCC_PREPROCESSOR_DEFINITIONS = (
					"DEBUG=1",
					"$(inherited)",
				);
				GCC_WARN_64_TO_32_BIT_CONVERSION = YES;
				GCC_WARN_ABOUT_RETURN_TYPE = YES_ERROR;
				GCC_WARN_UNDECLARED_SELECTOR = YES;
				GCC_WARN_UNINITIALIZED_AUTOS = YES_AGGRESSIVE;
				GCC_WARN_UNUSED_FUNCTION = YES;
				GCC_WARN_UNUSED_VARIABLE = YES;
				MACOSX_DEPLOYMENT_TARGET = 10.15;
				MTL_ENABLE_DEBUG_INFO = INCLUDE_SOURCE;
				MTL_FAST_MATH = YES;
				ONLY_ACTIVE_ARCH = YES;
				SDKROOT = macosx;
				SWIFT_ACTIVE_COMPILATION_CONDITIONS = DEBUG;
				SWIFT_OPTIMIZATION_LEVEL = "-Onone";
			};
			name = Debug;
		};
		6222F6A7241B989F001B7A56 /* Release */ = {
			isa = XCBuildConfiguration;
			buildSettings = {
				ALWAYS_SEARCH_USER_PATHS = NO;
				CLANG_ANALYZER_NONNULL = YES;
				CLANG_ANALYZER_NUMBER_OBJECT_CONVERSION = YES_AGGRESSIVE;
				CLANG_CXX_LANGUAGE_STANDARD = "gnu++14";
				CLANG_CXX_LIBRARY = "libc++";
				CLANG_ENABLE_MODULES = YES;
				CLANG_ENABLE_OBJC_ARC = YES;
				CLANG_ENABLE_OBJC_WEAK = YES;
				CLANG_WARN_BLOCK_CAPTURE_AUTORELEASING = YES;
				CLANG_WARN_BOOL_CONVERSION = YES;
				CLANG_WARN_COMMA = YES;
				CLANG_WARN_CONSTANT_CONVERSION = YES;
				CLANG_WARN_DEPRECATED_OBJC_IMPLEMENTATIONS = YES;
				CLANG_WARN_DIRECT_OBJC_ISA_USAGE = YES_ERROR;
				CLANG_WARN_DOCUMENTATION_COMMENTS = YES;
				CLANG_WARN_EMPTY_BODY = YES;
				CLANG_WARN_ENUM_CONVERSION = YES;
				CLANG_WARN_INFINITE_RECURSION = YES;
				CLANG_WARN_INT_CONVERSION = YES;
				CLANG_WARN_NON_LITERAL_NULL_CONVERSION = YES;
				CLANG_WARN_OBJC_IMPLICIT_RETAIN_SELF = YES;
				CLANG_WARN_OBJC_LITERAL_CONVERSION = YES;
				CLANG_WARN_OBJC_ROOT_CLASS = YES_ERROR;
				CLANG_WARN_RANGE_LOOP_ANALYSIS = YES;
				CLANG_WARN_STRICT_PROTOTYPES = YES;
				CLANG_WARN_SUSPICIOUS_MOVE = YES;
				CLANG_WARN_UNGUARDED_AVAILABILITY = YES_AGGRESSIVE;
				CLANG_WARN_UNREACHABLE_CODE = YES;
				CLANG_WARN__DUPLICATE_METHOD_MATCH = YES;
				COPY_PHASE_STRIP = NO;
				DEBUG_INFORMATION_FORMAT = "dwarf-with-dsym";
				ENABLE_NS_ASSERTIONS = NO;
				ENABLE_STRICT_OBJC_MSGSEND = YES;
				GCC_C_LANGUAGE_STANDARD = gnu11;
				GCC_NO_COMMON_BLOCKS = YES;
				GCC_WARN_64_TO_32_BIT_CONVERSION = YES;
				GCC_WARN_ABOUT_RETURN_TYPE = YES_ERROR;
				GCC_WARN_UNDECLARED_SELECTOR = YES;
				GCC_WARN_UNINITIALIZED_AUTOS = YES_AGGRESSIVE;
				GCC_WARN_UNUSED_FUNCTION = YES;
				GCC_WARN_UNUSED_VARIABLE = YES;
				MACOSX_DEPLOYMENT_TARGET = 10.15;
				MTL_ENABLE_DEBUG_INFO = NO;
				MTL_FAST_MATH = YES;
				SDKROOT = macosx;
				SWIFT_COMPILATION_MODE = wholemodule;
				SWIFT_OPTIMIZATION_LEVEL = "-O";
			};
			name = Release;
		};
		6222F6A9241B989F001B7A56 /* Debug */ = {
			isa = XCBuildConfiguration;
			buildSettings = {
				ASSETCATALOG_COMPILER_APPICON_NAME = AppIcon;
				CODE_SIGN_ENTITLEMENTS = VisioAnnotate.entitlements;
				CODE_SIGN_IDENTITY = "-";
				CODE_SIGN_STYLE = Automatic;
				COMBINE_HIDPI_IMAGES = YES;
				DEVELOPMENT_ASSET_PATHS = "\"src/PreviewContent\"";
				DEVELOPMENT_TEAM = 9EMZ8KV4WF;
				ENABLE_HARDENED_RUNTIME = YES;
				ENABLE_PREVIEWS = YES;
				INFOPLIST_FILE = "$(SRCROOT)/Info.plist";
				LD_RUNPATH_SEARCH_PATHS = (
					"$(inherited)",
					"@executable_path/../Frameworks",
				);
				MACOSX_DEPLOYMENT_TARGET = 10.15;
				PRODUCT_BUNDLE_IDENTIFIER = com.gaspardbruno.etudes.VisioAnnotate;
				PRODUCT_NAME = "$(TARGET_NAME)";
				SWIFT_VERSION = 5.0;
			};
			name = Debug;
		};
		6222F6AA241B989F001B7A56 /* Release */ = {
			isa = XCBuildConfiguration;
			buildSettings = {
				ASSETCATALOG_COMPILER_APPICON_NAME = AppIcon;
				CODE_SIGN_ENTITLEMENTS = VisioAnnotate.entitlements;
				CODE_SIGN_IDENTITY = "-";
				CODE_SIGN_STYLE = Automatic;
				COMBINE_HIDPI_IMAGES = YES;
				DEVELOPMENT_ASSET_PATHS = "\"src/PreviewContent\"";
				DEVELOPMENT_TEAM = 9EMZ8KV4WF;
				ENABLE_HARDENED_RUNTIME = YES;
				ENABLE_PREVIEWS = YES;
				INFOPLIST_FILE = "$(SRCROOT)/Info.plist";
				LD_RUNPATH_SEARCH_PATHS = (
					"$(inherited)",
					"@executable_path/../Frameworks",
				);
				MACOSX_DEPLOYMENT_TARGET = 10.15;
				PRODUCT_BUNDLE_IDENTIFIER = com.gaspardbruno.etudes.VisioAnnotate;
				PRODUCT_NAME = "$(TARGET_NAME)";
				SWIFT_VERSION = 5.0;
			};
			name = Release;
		};
/* End XCBuildConfiguration section */

/* Begin XCConfigurationList section */
		6222F690241B989C001B7A56 /* Build configuration list for PBXProject "VisioAnnotate" */ = {
			isa = XCConfigurationList;
			buildConfigurations = (
				6222F6A6241B989F001B7A56 /* Debug */,
				6222F6A7241B989F001B7A56 /* Release */,
			);
			defaultConfigurationIsVisible = 0;
			defaultConfigurationName = Release;
		};
		6222F6A8241B989F001B7A56 /* Build configuration list for PBXNativeTarget "VisioAnnotate" */ = {
			isa = XCConfigurationList;
			buildConfigurations = (
				6222F6A9241B989F001B7A56 /* Debug */,
				6222F6AA241B989F001B7A56 /* Release */,
			);
			defaultConfigurationIsVisible = 0;
			defaultConfigurationName = Release;
		};
/* End XCConfigurationList section */
	};
	rootObject = 6222F68D241B989C001B7A56 /* Project object */;
}
